%{"connection": {:hex, :connection, "1.0.2"},
  "cowboy": {:hex, :cowboy, "1.0.4"},
  "cowlib": {:hex, :cowlib, "1.0.2"},
  "graphql": {:hex, :graphql, "0.1.2"},
  "phoenix": {:hex, :phoenix, "1.1.4"},
  "plug": {:hex, :plug, "1.1.2"},
  "plug_graphql": {:hex, :plug_graphql, "0.1.5"},
  "poison": {:hex, :poison, "1.5.2"},
  "ranch": {:hex, :ranch, "1.2.1"},
  "rethinkdb": {:hex, :rethinkdb, "0.3.2"}}
